PODS:
  - FlutterMacOS (1.0.0)
  - openiothub_mobile_service (0.0.1):
    - FlutterMacOS
    - OpenIoTHubMobile (= 0.0.11)
  - OpenIoTHubMobile (0.0.11)

DEPENDENCIES:
  - FlutterMacOS (from `Flutter/ephemeral`)
  - openiothub_mobile_service (from `Flutter/ephemeral/.symlinks/plugins/openiothub_mobile_service/macos`)

SPEC REPOS:
  trunk:
    - OpenIoTHubMobile

EXTERNAL SOURCES:
  FlutterMacOS:
    :path: Flutter/ephemeral
  openiothub_mobile_service:
    :path: Flutter/ephemeral/.symlinks/plugins/openiothub_mobile_service/macos

SPEC CHECKSUMS:
  FlutterMacOS: 8f6f14fa908a6fb3fba0cd85dbd81ec4b251fb24
  openiothub_mobile_service: 87277741d3d57b9fd822b5ba88b3b5b34cb63564
  OpenIoTHubMobile: 8ad44feb6047dd563f0625d9dcd62b92d23e20fb

PODFILE CHECKSUM: 236401fc2c932af29a9fcf0e97baeeb2d750d367

COCOAPODS: 1.15.0
